
Microsoft Visual Studio Solution File, Format Version 12.00
# Visual Studio Version 17
VisualStudioVersion = 17.2.32526.322
MinimumVisualStudioVersion = 10.0.40219.1
Project("{FAE04EC0-301F-11D3-BF4B-00C04F79EFBC}") = "ObceImport2022", "ObceImport2022\ObceImport2022.csproj", "{BCABC14C-647F-4EAF-8505-D78B1B08A6F8}"
EndProject
Global
	GlobalSection(SolutionConfigurationPlatforms) = preSolution
		Debug|Any CPU = Debug|Any CPU
		Release|Any CPU = Release|Any CPU
	EndGlobalSection
	GlobalSection(ProjectConfigurationPlatforms) = postSolution
		{BCABC14C-647F-4EAF-8505-D78B1B08A6F8}.Debug|Any CPU.ActiveCfg = Debug|Any CPU
		{BCABC14C-647F-4EAF-8505-D78B1B08A6F8}.Debug|Any CPU.Build.0 = Debug|Any CPU
		{BCABC14C-647F-4EAF-8505-D78B1B08A6F8}.Release|Any CPU.ActiveCfg = Release|Any CPU
		{BCABC14C-647F-4EAF-8505-D78B1B08A6F8}.Release|Any CPU.Build.0 = Release|Any CPU
	EndGlobalSection
	GlobalSection(SolutionProperties) = preSolution
		HideSolutionNode = FALSE
	EndGlobalSection
	GlobalSection(ExtensibilityGlobals) = postSolution
		SolutionGuid = {E6994CB4-13F1-444C-9068-125A54DF8227}
	EndGlobalSection
EndGlobal
